// !$*UTF8*$!
{
	archiveVersion = 1;
	classes = {
	};
	objectVersion = 55;
	objects = {

/* Begin PBXBuildFile section */
		5D874DD627E4CF590066599D /* CompositeMapViewController.swift in Sources */ = {isa = PBXBuildFile; fileRef = 5D874DD527E4CF590066599D /* CompositeMapViewController.swift */; };
		5D9C3B9227DD8C2D00609679 /* MKPolyline+Initializers.swift in Sources */ = {isa = PBXBuildFile; fileRef = 5D9C3B9127DD8C2D00609679 /* MKPolyline+Initializers.swift */; };
		5D9C3B9427DD8C4C00609679 /* GridOverlay.swift in Sources */ = {isa = PBXBuildFile; fileRef = 5D9C3B9327DD8C4C00609679 /* GridOverlay.swift */; };
		5D9C3B9627DD8C7700609679 /* DelayedGridOverlayRenderer.swift in Sources */ = {isa = PBXBuildFile; fileRef = 5D9C3B9527DD8C7700609679 /* DelayedGridOverlayRenderer.swift */; };
		5D9C3B9827DD8E1B00609679 /* HackTileOverlayRenderer.swift in Sources */ = {isa = PBXBuildFile; fileRef = 5D9C3B9727DD8E1B00609679 /* HackTileOverlayRenderer.swift */; };
		5D9F9E1827DCDCE700470786 /* AppDelegate.swift in Sources */ = {isa = PBXBuildFile; fileRef = 5D9F9E1727DCDCE700470786 /* AppDelegate.swift */; };
		5D9F9E1F27DCDCE700470786 /* Main.storyboard in Resources */ = {isa = PBXBuildFile; fileRef = 5D9F9E1D27DCDCE700470786 /* Main.storyboard */; };
		5D9F9E2127DCDCE700470786 /* Assets.xcassets in Resources */ = {isa = PBXBuildFile; fileRef = 5D9F9E2027DCDCE700470786 /* Assets.xcassets */; };
		5D9F9E2427DCDCE700470786 /* LaunchScreen.storyboard in Resources */ = {isa = PBXBuildFile; fileRef = 5D9F9E2227DCDCE700470786 /* LaunchScreen.storyboard */; };
		5D9F9E2C27DCDD4B00470786 /* MapViewController.swift in Sources */ = {isa = PBXBuildFile; fileRef = 5D9F9E2B27DCDD4B00470786 /* MapViewController.swift */; };
/* End PBXBuildFile section */

/* Begin PBXFileReference section */
		5D874DD527E4CF590066599D /* CompositeMapViewController.swift */ = {isa = PBXFileReference; lastKnownFileType = sourcecode.swift; path = CompositeMapViewController.swift; sourceTree = "<group>"; };
		5D9C3B9127DD8C2D00609679 /* MKPolyline+Initializers.swift */ = {isa = PBXFileReference; lastKnownFileType = sourcecode.swift; path = "MKPolyline+Initializers.swift"; sourceTree = "<group>"; };
		5D9C3B9327DD8C4C00609679 /* GridOverlay.swift */ = {isa = PBXFileReference; lastKnownFileType = sourcecode.swift; path = GridOverlay.swift; sourceTree = "<group>"; };
		5D9C3B9527DD8C7700609679 /* DelayedGridOverlayRenderer.swift */ = {isa = PBXFileReference; lastKnownFileType = sourcecode.swift; path = DelayedGridOverlayRenderer.swift; sourceTree = "<group>"; };
		5D9C3B9727DD8E1B00609679 /* HackTileOverlayRenderer.swift */ = {isa = PBXFileReference; lastKnownFileType = sourcecode.swift; path = HackTileOverlayRenderer.swift; sourceTree = "<group>"; };
		5D9F9E1427DCDCE700470786 /* StitchCrashesMap.app */ = {isa = PBXFileReference; explicitFileType = wrapper.application; includeInIndex = 0; path = StitchCrashesMap.app; sourceTree = BUILT_PRODUCTS_DIR; };
		5D9F9E1727DCDCE700470786 /* AppDelegate.swift */ = {isa = PBXFileReference; lastKnownFileType = sourcecode.swift; path = AppDelegate.swift; sourceTree = "<group>"; };
		5D9F9E1E27DCDCE700470786 /* Base */ = {isa = PBXFileReference; lastKnownFileType = file.storyboard; name = Base; path = Base.lproj/Main.storyboard; sourceTree = "<group>"; };
		5D9F9E2027DCDCE700470786 /* Assets.xcassets */ = {isa = PBXFileReference; lastKnownFileType = folder.assetcatalog; path = Assets.xcassets; sourceTree = "<group>"; };
		5D9F9E2327DCDCE700470786 /* Base */ = {isa = PBXFileReference; lastKnownFileType = file.storyboard; name = Base; path = Base.lproj/LaunchScreen.storyboard; sourceTree = "<group>"; };
		5D9F9E2527DCDCE700470786 /* Info.plist */ = {isa = PBXFileReference; lastKnownFileType = text.plist.xml; path = Info.plist; sourceTree = "<group>"; };
		5D9F9E2B27DCDD4B00470786 /* MapViewController.swift */ = {isa = PBXFileReference; lastKnownFileType = sourcecode.swift; path = MapViewController.swift; sourceTree = "<group>"; };
/* End PBXFileReference section */

/* Begin PBXFrameworksBuildPhase section */
		5D9F9E1127DCDCE700470786 /* Frameworks */ = {
			isa = PBXFrameworksBuildPhase;
			buildActionMask = 2147483647;
			files = (
			);
			runOnlyForDeploymentPostprocessing = 0;
		};
/* End PBXFrameworksBuildPhase section */

/* Begin PBXGroup section */
		5D9F9E0B27DCDCE700470786 = {
			isa = PBXGroup;
			children = (
				5D9F9E1627DCDCE700470786 /* StitchCrashesMap */,
				5D9F9E1527DCDCE700470786 /* Products */,
			);
			sourceTree = "<group>";
		};
		5D9F9E1527DCDCE700470786 /* Products */ = {
			isa = PBXGroup;
			children = (
				5D9F9E1427DCDCE700470786 /* StitchCrashesMap.app */,
			);
			name = Products;
			sourceTree = "<group>";
		};
		5D9F9E1627DCDCE700470786 /* StitchCrashesMap */ = {
			isa = PBXGroup;
			children = (
				5D9F9E1727DCDCE700470786 /* AppDelegate.swift */,
				5D874DD527E4CF590066599D /* CompositeMapViewController.swift */,
				5D9F9E2B27DCDD4B00470786 /* MapViewController.swift */,
				5D9C3B9127DD8C2D00609679 /* MKPolyline+Initializers.swift */,
				5D9C3B9327DD8C4C00609679 /* GridOverlay.swift */,
				5D9C3B9527DD8C7700609679 /* DelayedGridOverlayRenderer.swift */,
				5D9C3B9727DD8E1B00609679 /* HackTileOverlayRenderer.swift */,
				5D9F9E1D27DCDCE700470786 /* Main.storyboard */,
				5D9F9E2027DCDCE700470786 /* Assets.xcassets */,
				5D9F9E2227DCDCE700470786 /* LaunchScreen.storyboard */,
				5D9F9E2527DCDCE700470786 /* Info.plist */,
			);
			path = StitchCrashesMap;
			sourceTree = "<group>";
		};
/* End PBXGroup section */

/* Begin PBXNativeTarget section */
		5D9F9E1327DCDCE700470786 /* StitchCrashesMap */ = {
			isa = PBXNativeTarget;
			buildConfigurationList = 5D9F9E2827DCDCE700470786 /* Build configuration list for PBXNativeTarget "StitchCrashesMap" */;
			buildPhases = (
				5D9F9E1027DCDCE700470786 /* Sources */,
				5D9F9E1127DCDCE700470786 /* Frameworks */,
				5D9F9E1227DCDCE700470786 /* Resources */,
			);
			buildRules = (
			);
			dependencies = (
			);
			name = StitchCrashesMap;
			productName = StitchCrashesMap;
			productReference = 5D9F9E1427DCDCE700470786 /* StitchCrashesMap.app */;
			productType = "com.apple.product-type.application";
		};
/* End PBXNativeTarget section */

/* Begin PBXProject section */
		5D9F9E0C27DCDCE700470786 /* Project object */ = {
			isa = PBXProject;
			attributes = {
				BuildIndependentTargetsInParallel = 1;
				LastSwiftUpdateCheck = 1330;
				LastUpgradeCheck = 1330;
				TargetAttributes = {
					5D9F9E1327DCDCE700470786 = {
						CreatedOnToolsVersion = 13.3;
					};
				};
			};
			buildConfigurationList = 5D9F9E0F27DCDCE700470786 /* Build configuration list for PBXProject "StitchCrashesMap" */;
			compatibilityVersion = "Xcode 13.0";
			developmentRegion = en;
			hasScannedForEncodings = 0;
			knownRegions = (
				en,
				Base,
			);
			mainGroup = 5D9F9E0B27DCDCE700470786;
			productRefGroup = 5D9F9E1527DCDCE700470786 /* Products */;
			projectDirPath = "";
			projectRoot = "";
			targets = (
				5D9F9E1327DCDCE700470786 /* StitchCrashesMap */,
			);
		};
/* End PBXProject section */

/* Begin PBXResourcesBuildPhase section */
		5D9F9E1227DCDCE700470786 /* Resources */ = {
			isa = PBXResourcesBuildPhase;
			buildActionMask = 2147483647;
			files = (
				5D9F9E2427DCDCE700470786 /* LaunchScreen.storyboard in Resources */,
				5D9F9E2127DCDCE700470786 /* Assets.xcassets in Resources */,
				5D9F9E1F27DCDCE700470786 /* Main.storyboard in Resources */,
			);
			runOnlyForDeploymentPostprocessing = 0;
		};
/* End PBXResourcesBuildPhase section */

/* Begin PBXSourcesBuildPhase section */
		5D9F9E1027DCDCE700470786 /* Sources */ = {
			isa = PBXSourcesBuildPhase;
			buildActionMask = 2147483647;
			files = (
				5D9C3B9627DD8C7700609679 /* DelayedGridOverlayRenderer.swift in Sources */,
				5D9C3B9427DD8C4C00609679 /* GridOverlay.swift in Sources */,
				5D9C3B9227DD8C2D00609679 /* MKPolyline+Initializers.swift in Sources */,
				5D9C3B9827DD8E1B00609679 /* HackTileOverlayRenderer.swift in Sources */,
				5D9F9E1827DCDCE700470786 /* AppDelegate.swift in Sources */,
				5D874DD627E4CF590066599D /* CompositeMapViewController.swift in Sources */,
				5D9F9E2C27DCDD4B00470786 /* MapViewController.swift in Sources */,
			);
			runOnlyForDeploymentPostprocessing = 0;
		};
/* End PBXSourcesBuildPhase section */

/* Begin PBXVariantGroup section */
		5D9F9E1D27DCDCE700470786 /* Main.storyboard */ = {
			isa = PBXVariantGroup;
			children = (
				5D9F9E1E27DCDCE700470786 /* Base */,
			);
			name = Main.storyboard;
			sourceTree = "<group>";
		};
		5D9F9E2227DCDCE700470786 /* LaunchScreen.storyboard */ = {
			isa = PBXVariantGroup;
			children = (
				5D9F9E2327DCDCE700470786 /* Base */,
			);
			name = LaunchScreen.storyboard;
			sourceTree = "<group>";
		};
/* End PBXVariantGroup section */

/* Begin XCBuildConfiguration section */
		5D9F9E2627DCDCE700470786 /* Debug */ = {
			isa = XCBuildConfiguration;
			buildSettings = {
				ALWAYS_SEARCH_USER_PATHS = NO;
				CLANG_ANALYZER_NONNULL = YES;
				CLANG_ANALYZER_NUMBER_OBJECT_CONVERSION = YES_AGGRESSIVE;
				CLANG_CXX_LANGUAGE_STANDARD = "gnu++17";
				CLANG_ENABLE_MODULES = YES;
				CLANG_ENABLE_OBJC_ARC = YES;
				CLANG_ENABLE_OBJC_WEAK = YES;
				CLANG_WARN_BLOCK_CAPTURE_AUTORELEASING = YES;
				CLANG_WARN_BOOL_CONVERSION = YES;
				CLANG_WARN_COMMA = YES;
				CLANG_WARN_CONSTANT_CONVERSION = YES;
				CLANG_WARN_DEPRECATED_OBJC_IMPLEMENTATIONS = YES;
				CLANG_WARN_DIRECT_OBJC_ISA_USAGE = YES_ERROR;
				CLANG_WARN_DOCUMENTATION_COMMENTS = YES;
				CLANG_WARN_EMPTY_BODY = YES;
				CLANG_WARN_ENUM_CONVERSION = YES;
				CLANG_WARN_INFINITE_RECURSION = YES;
				CLANG_WARN_INT_CONVERSION = YES;
				CLANG_WARN_NON_LITERAL_NULL_CONVERSION = YES;
				CLANG_WARN_OBJC_IMPLICIT_RETAIN_SELF = YES;
				CLANG_WARN_OBJC_LITERAL_CONVERSION = YES;
				CLANG_WARN_OBJC_ROOT_CLASS = YES_ERROR;
				CLANG_WARN_QUOTED_INCLUDE_IN_FRAMEWORK_HEADER = YES;
				CLANG_WARN_RANGE_LOOP_ANALYSIS = YES;
				CLANG_WARN_STRICT_PROTOTYPES = YES;
				CLANG_WARN_SUSPICIOUS_MOVE = YES;
				CLANG_WARN_UNGUARDED_AVAILABILITY = YES_AGGRESSIVE;
				CLANG_WARN_UNREACHABLE_CODE = YES;
				CLANG_WARN__DUPLICATE_METHOD_MATCH = YES;
				COPY_PHASE_STRIP = NO;
				DEBUG_INFORMATION_FORMAT = dwarf;
				ENABLE_STRICT_OBJC_MSGSEND = YES;
				ENABLE_TESTABILITY = YES;
				GCC_C_LANGUAGE_STANDARD = gnu11;
				GCC_DYNAMIC_NO_PIC = NO;
				GCC_NO_COMMON_BLOCKS = YES;
				GCC_OPTIMIZATION_LEVEL = 0;
				GCC_PREPROCESSOR_DEFINITIONS = (
					"DEBUG=1",
					"$(inherited)",
				);
				GCC_WARN_64_TO_32_BIT_CONVERSION = YES;
				GCC_WARN_ABOUT_RETURN_TYPE = YES_ERROR;
				GCC_WARN_UNDECLARED_SELECTOR = YES;
				GCC_WARN_UNINITIALIZED_AUTOS = YES_AGGRESSIVE;
				GCC_WARN_UNUSED_FUNCTION = YES;
				GCC_WARN_UNUSED_VARIABLE = YES;
				IPHONEOS_DEPLOYMENT_TARGET = 15.4;
				MTL_ENABLE_DEBUG_INFO = INCLUDE_SOURCE;
				MTL_FAST_MATH = YES;
				ONLY_ACTIVE_ARCH = YES;
				SDKROOT = iphoneos;
				SWIFT_ACTIVE_COMPILATION_CONDITIONS = DEBUG;
				SWIFT_OPTIMIZATION_LEVEL = "-Onone";
			};
			name = Debug;
		};
		5D9F9E2727DCDCE700470786 /* Release */ = {
			isa = XCBuildConfiguration;
			buildSettings = {
				ALWAYS_SEARCH_USER_PATHS = NO;
				CLANG_ANALYZER_NONNULL = YES;
				CLANG_ANALYZER_NUMBER_OBJECT_CONVERSION = YES_AGGRESSIVE;
				CLANG_CXX_LANGUAGE_STANDARD = "gnu++17";
				CLANG_ENABLE_MODULES = YES;
				CLANG_ENABLE_OBJC_ARC = YES;
				CLANG_ENABLE_OBJC_WEAK = YES;
				CLANG_WARN_BLOCK_CAPTURE_AUTORELEASING = YES;
				CLANG_WARN_BOOL_CONVERSION = YES;
				CLANG_WARN_COMMA = YES;
				CLANG_WARN_CONSTANT_CONVERSION = YES;
				CLANG_WARN_DEPRECATED_OBJC_IMPLEMENTATIONS = YES;
				CLANG_WARN_DIRECT_OBJC_ISA_USAGE = YES_ERROR;
				CLANG_WARN_DOCUMENTATION_COMMENTS = YES;
				CLANG_WARN_EMPTY_BODY = YES;
				CLANG_WARN_ENUM_CONVERSION = YES;
				CLANG_WARN_INFINITE_RECURSION = YES;
				CLANG_WARN_INT_CONVERSION = YES;
				CLANG_WARN_NON_LITERAL_NULL_CONVERSION = YES;
				CLANG_WARN_OBJC_IMPLICIT_RETAIN_SELF = YES;
				CLANG_WARN_OBJC_LITERAL_CONVERSION = YES;
				CLANG_WARN_OBJC_ROOT_CLASS = YES_ERROR;
				CLANG_WARN_QUOTED_INCLUDE_IN_FRAMEWORK_HEADER = YES;
				CLANG_WARN_RANGE_LOOP_ANALYSIS = YES;
				CLANG_WARN_STRICT_PROTOTYPES = YES;
				CLANG_WARN_SUSPICIOUS_MOVE = YES;
				CLANG_WARN_UNGUARDED_AVAILABILITY = YES_AGGRESSIVE;
				CLANG_WARN_UNREACHABLE_CODE = YES;
				CLANG_WARN__DUPLICATE_METHOD_MATCH = YES;
				COPY_PHASE_STRIP = NO;
				DEBUG_INFORMATION_FORMAT = "dwarf-with-dsym";
				ENABLE_NS_ASSERTIONS = NO;
				ENABLE_STRICT_OBJC_MSGSEND = YES;
				GCC_C_LANGUAGE_STANDARD = gnu11;
				GCC_NO_COMMON_BLOCKS = YES;
				GCC_WARN_64_TO_32_BIT_CONVERSION = YES;
				GCC_WARN_ABOUT_RETURN_TYPE = YES_ERROR;
				GCC_WARN_UNDECLARED_SELECTOR = YES;
				GCC_WARN_UNINITIALIZED_AUTOS = YES_AGGRESSIVE;
				GCC_WARN_UNUSED_FUNCTION = YES;
				GCC_WARN_UNUSED_VARIABLE = YES;
				IPHONEOS_DEPLOYMENT_TARGET = 15.4;
				MTL_ENABLE_DEBUG_INFO = NO;
				MTL_FAST_MATH = YES;
				SDKROOT = iphoneos;
				SWIFT_COMPILATION_MODE = wholemodule;
				SWIFT_OPTIMIZATION_LEVEL = "-O";
				VALIDATE_PRODUCT = YES;
			};
			name = Release;
		};
		5D9F9E2927DCDCE700470786 /* Debug */ = {
			isa = XCBuildConfiguration;
			buildSettings = {
				ASSETCATALOG_COMPILER_APPICON_NAME = AppIcon;
				ASSETCATALOG_COMPILER_GLOBAL_ACCENT_COLOR_NAME = AccentColor;
				CODE_SIGN_STYLE = Automatic;
				CURRENT_PROJECT_VERSION = 1;
				DEVELOPMENT_TEAM = Z8K99QT9TW;
				GENERATE_INFOPLIST_FILE = YES;
				INFOPLIST_FILE = StitchCrashesMap/Info.plist;
				INFOPLIST_KEY_UIApplicationSupportsIndirectInputEvents = YES;
				INFOPLIST_KEY_UILaunchStoryboardName = LaunchScreen;
				INFOPLIST_KEY_UISupportedInterfaceOrientations_iPad = "UIInterfaceOrientationPortrait UIInterfaceOrientationPortraitUpsideDown UIInterfaceOrientationLandscapeLeft UIInterfaceOrientationLandscapeRight";
				INFOPLIST_KEY_UISupportedInterfaceOrientations_iPhone = "UIInterfaceOrientationPortrait UIInterfaceOrientationLandscapeLeft UIInterfaceOrientationLandscapeRight";
				IPHONEOS_DEPLOYMENT_TARGET = 15.2;
				LD_RUNPATH_SEARCH_PATHS = (
					"$(inherited)",
					"@executable_path/Frameworks",
				);
				MARKETING_VERSION = 1.0;
				PRODUCT_BUNDLE_IDENTIFIER = com.example.StitchCrashesMap;
				PRODUCT_NAME = "$(TARGET_NAME)";
				SWIFT_EMIT_LOC_STRINGS = YES;
				SWIFT_VERSION = 5.0;
				TARGETED_DEVICE_FAMILY = "1,2";
			};
			name = Debug;
		};
		5D9F9E2A27DCDCE700470786 /* Release */ = {
			isa = XCBuildConfiguration;
			buildSettings = {
				ASSETCATALOG_COMPILER_APPICON_NAME = AppIcon;
				ASSETCATALOG_COMPILER_GLOBAL_ACCENT_COLOR_NAME = AccentColor;
				CODE_SIGN_STYLE = Automatic;
				CURRENT_PROJECT_VERSION = 1;
				DEVELOPMENT_TEAM = Z8K99QT9TW;
				GENERATE_INFOPLIST_FILE = YES;
				INFOPLIST_FILE = StitchCrashesMap/Info.plist;
				INFOPLIST_KEY_UIApplicationSupportsIndirectInputEvents = YES;
				INFOPLIST_KEY_UILaunchStoryboardName = LaunchScreen;
				INFOPLIST_KEY_UISupportedInterfaceOrientations_iPad = "UIInterfaceOrientationPortrait UIInterfaceOrientationPortraitUpsideDown UIInterfaceOrientationLandscapeLeft UIInterfaceOrientationLandscapeRight";
				INFOPLIST_KEY_UISupportedInterfaceOrientations_iPhone = "UIInterfaceOrientationPortrait UIInterfaceOrientationLandscapeLeft UIInterfaceOrientationLandscapeRight";
				IPHONEOS_DEPLOYMENT_TARGET = 15.2;
				LD_RUNPATH_SEARCH_PATHS = (
					"$(inherited)",
					"@executable_path/Frameworks",
				);
				MARKETING_VERSION = 1.0;
				PRODUCT_BUNDLE_IDENTIFIER = com.example.StitchCrashesMap;
				PRODUCT_NAME = "$(TARGET_NAME)";
				SWIFT_EMIT_LOC_STRINGS = YES;
				SWIFT_VERSION = 5.0;
				TARGETED_DEVICE_FAMILY = "1,2";
			};
			name = Release;
		};
/* End XCBuildConfiguration section */

/* Begin XCConfigurationList section */
		5D9F9E0F27DCDCE700470786 /* Build configuration list for PBXProject "StitchCrashesMap" */ = {
			isa = XCConfigurationList;
			buildConfigurations = (
				5D9F9E2627DCDCE700470786 /* Debug */,
				5D9F9E2727DCDCE700470786 /* Release */,
			);
			defaultConfigurationIsVisible = 0;
			defaultConfigurationName = Release;
		};
		5D9F9E2827DCDCE700470786 /* Build configuration list for PBXNativeTarget "StitchCrashesMap" */ = {
			isa = XCConfigurationList;
			buildConfigurations = (
				5D9F9E2927DCDCE700470786 /* Debug */,
				5D9F9E2A27DCDCE700470786 /* Release */,
			);
			defaultConfigurationIsVisible = 0;
			defaultConfigurationName = Release;
		};
/* End XCConfigurationList section */
	};
	rootObject = 5D9F9E0C27DCDCE700470786 /* Project object */;
}
